
Microsoft Visual Studio Solution File, Format Version 12.00
# Visual Studio Version 17
VisualStudioVersion = 17.10.35013.160
MinimumVisualStudioVersion = 10.0.40219.1
Project("{FAE04EC0-301F-11D3-BF4B-00C04F79EFBC}") = "HSK", "HSK\HSK.csproj", "{5193EE7C-FDA5-4A94-BBFD-DB0097E6014E}"
EndProject
Global
	GlobalSection(SolutionConfigurationPlatforms) = preSolution
		Debug|Any CPU = Debug|Any CPU
		Release|Any CPU = Release|Any CPU
	EndGlobalSection
	GlobalSection(ProjectConfigurationPlatforms) = postSolution
		{5193EE7C-FDA5-4A94-BBFD-DB0097E6014E}.Debug|Any CPU.ActiveCfg = Debug|Any CPU
		{5193EE7C-FDA5-4A94-BBFD-DB0097E6014E}.Debug|Any CPU.Build.0 = Debug|Any CPU
		{5193EE7C-FDA5-4A94-BBFD-DB0097E6014E}.Release|Any CPU.ActiveCfg = Release|Any CPU
		{5193EE7C-FDA5-4A94-BBFD-DB0097E6014E}.Release|Any CPU.Build.0 = Release|Any CPU
	EndGlobalSection
	GlobalSection(SolutionProperties) = preSolution
		HideSolutionNode = FALSE
	EndGlobalSection
	GlobalSection(ExtensibilityGlobals) = postSolution
		SolutionGuid = {38A52493-8B74-4C56-85D1-83702155F4C3}
	EndGlobalSection
EndGlobal
